Microsoft Visual Studio Solution File, Format Version 7.00
Project("{FAE04EC0-301F-11D3-BF4B-00C04F79EFBC}") = "ColorListBox", "ColorListBox.csproj", "{86C54331-94E3-42D5-AF79-66729B3A9F4F}"
EndProject
Global
	GlobalSection(SolutionConfiguration) = preSolution
		ConfigName.0 = Debug
		ConfigName.1 = Release
	EndGlobalSection
	GlobalSection(ProjectDependencies) = postSolution
	EndGlobalSection
	GlobalSection(ProjectConfiguration) = postSolution
		{86C54331-94E3-42D5-AF79-66729B3A9F4F}.Debug.ActiveCfg = Debug|.NET
		{86C54331-94E3-42D5-AF79-66729B3A9F4F}.Debug.Build.0 = Debug|.NET
		{86C54331-94E3-42D5-AF79-66729B3A9F4F}.Release.ActiveCfg = Release|.NET
		{86C54331-94E3-42D5-AF79-66729B3A9F4F}.Release.Build.0 = Release|.NET
	EndGlobalSection
	GlobalSection(ExtensibilityGlobals) = postSolution
	EndGlobalSection
	GlobalSection(ExtensibilityAddIns) = postSolution
	EndGlobalSection
EndGlobal
